
Microsoft Visual Studio Solution File, Format Version 12.00
# Visual Studio 15
VisualStudioVersion = 15.0.28307.1062
MinimumVisualStudioVersion = 10.0.40219.1
Project("{FAE04EC0-301F-11D3-BF4B-00C04F79EFBC}") = "SINCOABR", "SINCOABR\SINCOABR.csproj", "{FC06A91B-A27E-458F-871E-163C7B08BE19}"
EndProject
Global
	GlobalSection(SolutionConfigurationPlatforms) = preSolution
		Debug|Any CPU = Debug|Any CPU
		Release|Any CPU = Release|Any CPU
	EndGlobalSection
	GlobalSection(ProjectConfigurationPlatforms) = postSolution
		{FC06A91B-A27E-458F-871E-163C7B08BE19}.Debug|Any CPU.ActiveCfg = Debug|Any CPU
		{FC06A91B-A27E-458F-871E-163C7B08BE19}.Debug|Any CPU.Build.0 = Debug|Any CPU
		{FC06A91B-A27E-458F-871E-163C7B08BE19}.Release|Any CPU.ActiveCfg = Release|Any CPU
		{FC06A91B-A27E-458F-871E-163C7B08BE19}.Release|Any CPU.Build.0 = Release|Any CPU
	EndGlobalSection
	GlobalSection(SolutionProperties) = preSolution
		HideSolutionNode = FALSE
	EndGlobalSection
	GlobalSection(ExtensibilityGlobals) = postSolution
		SolutionGuid = {B3F9ACC0-895A-4877-898A-13F57748439A}
	EndGlobalSection
EndGlobal
